
Microsoft Visual Studio Solution File, Format Version 12.00
Project("{FAE04EC0-301F-11D3-BF4B-00C04F79EFBC}") = "AoC2022", "AoC2022.csproj", "{C5D5AF2B-85D9-4DD2-BEB2-2F06B31C4A0B}"
EndProject
Global
	GlobalSection(SolutionConfigurationPlatforms) = preSolution
		Debug|Any CPU = Debug|Any CPU
		Release|Any CPU = Release|Any CPU
	EndGlobalSection
	GlobalSection(ProjectConfigurationPlatforms) = postSolution
		{C5D5AF2B-85D9-4DD2-BEB2-2F06B31C4A0B}.Debug|Any CPU.ActiveCfg = Debug|Any CPU
		{C5D5AF2B-85D9-4DD2-BEB2-2F06B31C4A0B}.Debug|Any CPU.Build.0 = Debug|Any CPU
		{C5D5AF2B-85D9-4DD2-BEB2-2F06B31C4A0B}.Release|Any CPU.ActiveCfg = Release|Any CPU
		{C5D5AF2B-85D9-4DD2-BEB2-2F06B31C4A0B}.Release|Any CPU.Build.0 = Release|Any CPU
	EndGlobalSection
EndGlobal
